// !$*UTF8*$!
{
	archiveVersion = 1;
	classes = {
	};
	objectVersion = 56;
	objects = {

/* Begin PBXBuildFile section */
		BD1E19642A670F07004FE9EC /* volunteering.swift in Sources */ = {isa = PBXBuildFile; fileRef = BD1E19632A670F07004FE9EC /* volunteering.swift */; };
		BD1E19662A6712A1004FE9EC /* parks.swift in Sources */ = {isa = PBXBuildFile; fileRef = BD1E19652A6712A1004FE9EC /* parks.swift */; };
		BD1E19682A6712D0004FE9EC /* beaches.swift in Sources */ = {isa = PBXBuildFile; fileRef = BD1E19672A6712D0004FE9EC /* beaches.swift */; };
		BD1E196A2A671337004FE9EC /* picnics.swift in Sources */ = {isa = PBXBuildFile; fileRef = BD1E19692A671337004FE9EC /* picnics.swift */; };
		BD7A27132A65F608001E46A5 /* PONDeringApp.swift in Sources */ = {isa = PBXBuildFile; fileRef = BD7A27122A65F608001E46A5 /* PONDeringApp.swift */; };
		BD7A27152A65F608001E46A5 /* ContentView.swift in Sources */ = {isa = PBXBuildFile; fileRef = BD7A27142A65F608001E46A5 /* ContentView.swift */; };
		BD7A27172A65F609001E46A5 /* Assets.xcassets in Resources */ = {isa = PBXBuildFile; fileRef = BD7A27162A65F609001E46A5 /* Assets.xcassets */; };
		BD7A271A2A65F609001E46A5 /* Preview Assets.xcassets in Resources */ = {isa = PBXBuildFile; fileRef = BD7A27192A65F609001E46A5 /* Preview Assets.xcassets */; };
/* End PBXBuildFile section */

/* Begin PBXFileReference section */
		BD1E19632A670F07004FE9EC /* volunteering.swift */ = {isa = PBXFileReference; lastKnownFileType = sourcecode.swift; path = volunteering.swift; sourceTree = "<group>"; };
		BD1E19652A6712A1004FE9EC /* parks.swift */ = {isa = PBXFileReference; lastKnownFileType = sourcecode.swift; path = parks.swift; sourceTree = "<group>"; };
		BD1E19672A6712D0004FE9EC /* beaches.swift */ = {isa = PBXFileReference; lastKnownFileType = sourcecode.swift; path = beaches.swift; sourceTree = "<group>"; };
		BD1E19692A671337004FE9EC /* picnics.swift */ = {isa = PBXFileReference; lastKnownFileType = sourcecode.swift; path = picnics.swift; sourceTree = "<group>"; };
		BD7A270F2A65F608001E46A5 /* PONDering.app */ = {isa = PBXFileReference; explicitFileType = wrapper.application; includeInIndex = 0; path = PONDering.app; sourceTree = BUILT_PRODUCTS_DIR; };
		BD7A27122A65F608001E46A5 /* PONDeringApp.swift */ = {isa = PBXFileReference; lastKnownFileType = sourcecode.swift; path = PONDeringApp.swift; sourceTree = "<group>"; };
		BD7A27142A65F608001E46A5 /* ContentView.swift */ = {isa = PBXFileReference; lastKnownFileType = sourcecode.swift; path = ContentView.swift; sourceTree = "<group>"; };
		BD7A27162A65F609001E46A5 /* Assets.xcassets */ = {isa = PBXFileReference; lastKnownFileType = folder.assetcatalog; path = Assets.xcassets; sourceTree = "<group>"; };
		BD7A27192A65F609001E46A5 /* Preview Assets.xcassets */ = {isa = PBXFileReference; lastKnownFileType = folder.assetcatalog; path = "Preview Assets.xcassets"; sourceTree = "<group>"; };
/* End PBXFileReference section */

/* Begin PBXFrameworksBuildPhase section */
		BD7A270C2A65F608001E46A5 /* Frameworks */ = {
			isa = PBXFrameworksBuildPhase;
			buildActionMask = 2147483647;
			files = (
			);
			runOnlyForDeploymentPostprocessing = 0;
		};
/* End PBXFrameworksBuildPhase section */

/* Begin PBXGroup section */
		BD7A27062A65F608001E46A5 = {
			isa = PBXGroup;
			children = (
				BD7A27112A65F608001E46A5 /* PONDering */,
				BD7A27102A65F608001E46A5 /* Products */,
			);
			sourceTree = "<group>";
		};
		BD7A27102A65F608001E46A5 /* Products */ = {
			isa = PBXGroup;
			children = (
				BD7A270F2A65F608001E46A5 /* PONDering.app */,
			);
			name = Products;
			sourceTree = "<group>";
		};
		BD7A27112A65F608001E46A5 /* PONDering */ = {
			isa = PBXGroup;
			children = (
				BD7A27122A65F608001E46A5 /* PONDeringApp.swift */,
				BD7A27142A65F608001E46A5 /* ContentView.swift */,
				BD1E19672A6712D0004FE9EC /* beaches.swift */,
				BD1E19632A670F07004FE9EC /* volunteering.swift */,
				BD1E19652A6712A1004FE9EC /* parks.swift */,
				BD1E19692A671337004FE9EC /* picnics.swift */,
				BD7A27162A65F609001E46A5 /* Assets.xcassets */,
				BD7A27182A65F609001E46A5 /* Preview Content */,
			);
			path = PONDering;
			sourceTree = "<group>";
		};
		BD7A27182A65F609001E46A5 /* Preview Content */ = {
			isa = PBXGroup;
			children = (
				BD7A27192A65F609001E46A5 /* Preview Assets.xcassets */,
			);
			path = "Preview Content";
			sourceTree = "<group>";
		};
/* End PBXGroup section */

/* Begin PBXNativeTarget section */
		BD7A270E2A65F608001E46A5 /* PONDering */ = {
			isa = PBXNativeTarget;
			buildConfigurationList = BD7A271D2A65F609001E46A5 /* Build configuration list for PBXNativeTarget "PONDering" */;
			buildPhases = (
				BD7A270B2A65F608001E46A5 /* Sources */,
				BD7A270C2A65F608001E46A5 /* Frameworks */,
				BD7A270D2A65F608001E46A5 /* Resources */,
			);
			buildRules = (
			);
			dependencies = (
			);
			name = PONDering;
			productName = PONDering;
			productReference = BD7A270F2A65F608001E46A5 /* PONDering.app */;
			productType = "com.apple.product-type.application";
		};
/* End PBXNativeTarget section */

/* Begin PBXProject section */
		BD7A27072A65F608001E46A5 /* Project object */ = {
			isa = PBXProject;
			attributes = {
				BuildIndependentTargetsInParallel = 1;
				LastSwiftUpdateCheck = 1430;
				LastUpgradeCheck = 1430;
				TargetAttributes = {
					BD7A270E2A65F608001E46A5 = {
						CreatedOnToolsVersion = 14.3.1;
					};
				};
			};
			buildConfigurationList = BD7A270A2A65F608001E46A5 /* Build configuration list for PBXProject "PONDering" */;
			compatibilityVersion = "Xcode 14.0";
			developmentRegion = en;
			hasScannedForEncodings = 0;
			knownRegions = (
				en,
				Base,
			);
			mainGroup = BD7A27062A65F608001E46A5;
			productRefGroup = BD7A27102A65F608001E46A5 /* Products */;
			projectDirPath = "";
			projectRoot = "";
			targets = (
				BD7A270E2A65F608001E46A5 /* PONDering */,
			);
		};
/* End PBXProject section */

/* Begin PBXResourcesBuildPhase section */
		BD7A270D2A65F608001E46A5 /* Resources */ = {
			isa = PBXResourcesBuildPhase;
			buildActionMask = 2147483647;
			files = (
				BD7A271A2A65F609001E46A5 /* Preview Assets.xcassets in Resources */,
				BD7A27172A65F609001E46A5 /* Assets.xcassets in Resources */,
			);
			runOnlyForDeploymentPostprocessing = 0;
		};
/* End PBXResourcesBuildPhase section */

/* Begin PBXSourcesBuildPhase section */
		BD7A270B2A65F608001E46A5 /* Sources */ = {
			isa = PBXSourcesBuildPhase;
			buildActionMask = 2147483647;
			files = (
				BD7A27152A65F608001E46A5 /* ContentView.swift in Sources */,
				BD1E196A2A671337004FE9EC /* picnics.swift in Sources */,
				BD7A27132A65F608001E46A5 /* PONDeringApp.swift in Sources */,
				BD1E19682A6712D0004FE9EC /* beaches.swift in Sources */,
				BD1E19642A670F07004FE9EC /* volunteering.swift in Sources */,
				BD1E19662A6712A1004FE9EC /* parks.swift in Sources */,
			);
			runOnlyForDeploymentPostprocessing = 0;
		};
/* End PBXSourcesBuildPhase section */

/* Begin XCBuildConfiguration section */
		BD7A271B2A65F609001E46A5 /* Debug */ = {
			isa = XCBuildConfiguration;
			buildSettings = {
				ALWAYS_SEARCH_USER_PATHS = NO;
				CLANG_ANALYZER_NONNULL = YES;
				CLANG_ANALYZER_NUMBER_OBJECT_CONVERSION = YES_AGGRESSIVE;
				CLANG_CXX_LANGUAGE_STANDARD = "gnu++20";
				CLANG_ENABLE_MODULES = YES;
				CLANG_ENABLE_OBJC_ARC = YES;
				CLANG_ENABLE_OBJC_WEAK = YES;
				CLANG_WARN_BLOCK_CAPTURE_AUTORELEASING = YES;
				CLANG_WARN_BOOL_CONVERSION = YES;
				CLANG_WARN_COMMA = YES;
				CLANG_WARN_CONSTANT_CONVERSION = YES;
				CLANG_WARN_DEPRECATED_OBJC_IMPLEMENTATIONS = YES;
				CLANG_WARN_DIRECT_OBJC_ISA_USAGE = YES_ERROR;
				CLANG_WARN_DOCUMENTATION_COMMENTS = YES;
				CLANG_WARN_EMPTY_BODY = YES;
				CLANG_WARN_ENUM_CONVERSION = YES;
				CLANG_WARN_INFINITE_RECURSION = YES;
				CLANG_WARN_INT_CONVERSION = YES;
				CLANG_WARN_NON_LITERAL_NULL_CONVERSION = YES;
				CLANG_WARN_OBJC_IMPLICIT_RETAIN_SELF = YES;
				CLANG_WARN_OBJC_LITERAL_CONVERSION = YES;
				CLANG_WARN_OBJC_ROOT_CLASS = YES_ERROR;
				CLANG_WARN_QUOTED_INCLUDE_IN_FRAMEWORK_HEADER = YES;
				CLANG_WARN_RANGE_LOOP_ANALYSIS = YES;
				CLANG_WARN_STRICT_PROTOTYPES = YES;
				CLANG_WARN_SUSPICIOUS_MOVE = YES;
				CLANG_WARN_UNGUARDED_AVAILABILITY = YES_AGGRESSIVE;
				CLANG_WARN_UNREACHABLE_CODE = YES;
				CLANG_WARN__DUPLICATE_METHOD_MATCH = YES;
				COPY_PHASE_STRIP = NO;
				DEBUG_INFORMATION_FORMAT = dwarf;
				ENABLE_STRICT_OBJC_MSGSEND = YES;
				ENABLE_TESTABILITY = YES;
				GCC_C_LANGUAGE_STANDARD = gnu11;
				GCC_DYNAMIC_NO_PIC = NO;
				GCC_NO_COMMON_BLOCKS = YES;
				GCC_OPTIMIZATION_LEVEL = 0;
				GCC_PREPROCESSOR_DEFINITIONS = (
					"DEBUG=1",
					"$(inherited)",
				);
				GCC_WARN_64_TO_32_BIT_CONVERSION = YES;
				GCC_WARN_ABOUT_RETURN_TYPE = YES_ERROR;
				GCC_WARN_UNDECLARED_SELECTOR = YES;
				GCC_WARN_UNINITIALIZED_AUTOS = YES_AGGRESSIVE;
				GCC_WARN_UNUSED_FUNCTION = YES;
				GCC_WARN_UNUSED_VARIABLE = YES;
				IPHONEOS_DEPLOYMENT_TARGET = 16.4;
				MTL_ENABLE_DEBUG_INFO = INCLUDE_SOURCE;
				MTL_FAST_MATH = YES;
				ONLY_ACTIVE_ARCH = YES;
				SDKROOT = iphoneos;
				SWIFT_ACTIVE_COMPILATION_CONDITIONS = DEBUG;
				SWIFT_OPTIMIZATION_LEVEL = "-Onone";
			};
			name = Debug;
		};
		BD7A271C2A65F609001E46A5 /* Release */ = {
			isa = XCBuildConfiguration;
			buildSettings = {
				ALWAYS_SEARCH_USER_PATHS = NO;
				CLANG_ANALYZER_NONNULL = YES;
				CLANG_ANALYZER_NUMBER_OBJECT_CONVERSION = YES_AGGRESSIVE;
				CLANG_CXX_LANGUAGE_STANDARD = "gnu++20";
				CLANG_ENABLE_MODULES = YES;
				CLANG_ENABLE_OBJC_ARC = YES;
				CLANG_ENABLE_OBJC_WEAK = YES;
				CLANG_WARN_BLOCK_CAPTURE_AUTORELEASING = YES;
				CLANG_WARN_BOOL_CONVERSION = YES;
				CLANG_WARN_COMMA = YES;
				CLANG_WARN_CONSTANT_CONVERSION = YES;
				CLANG_WARN_DEPRECATED_OBJC_IMPLEMENTATIONS = YES;
				CLANG_WARN_DIRECT_OBJC_ISA_USAGE = YES_ERROR;
				CLANG_WARN_DOCUMENTATION_COMMENTS = YES;
				CLANG_WARN_EMPTY_BODY = YES;
				CLANG_WARN_ENUM_CONVERSION = YES;
				CLANG_WARN_INFINITE_RECURSION = YES;
				CLANG_WARN_INT_CONVERSION = YES;
				CLANG_WARN_NON_LITERAL_NULL_CONVERSION = YES;
				CLANG_WARN_OBJC_IMPLICIT_RETAIN_SELF = YES;
				CLANG_WARN_OBJC_LITERAL_CONVERSION = YES;
				CLANG_WARN_OBJC_ROOT_CLASS = YES_ERROR;
				CLANG_WARN_QUOTED_INCLUDE_IN_FRAMEWORK_HEADER = YES;
				CLANG_WARN_RANGE_LOOP_ANALYSIS = YES;
				CLANG_WARN_STRICT_PROTOTYPES = YES;
				CLANG_WARN_SUSPICIOUS_MOVE = YES;
				CLANG_WARN_UNGUARDED_AVAILABILITY = YES_AGGRESSIVE;
				CLANG_WARN_UNREACHABLE_CODE = YES;
				CLANG_WARN__DUPLICATE_METHOD_MATCH = YES;
				COPY_PHASE_STRIP = NO;
				DEBUG_INFORMATION_FORMAT = "dwarf-with-dsym";
				ENABLE_NS_ASSERTIONS = NO;
				ENABLE_STRICT_OBJC_MSGSEND = YES;
				GCC_C_LANGUAGE_STANDARD = gnu11;
				GCC_NO_COMMON_BLOCKS = YES;
				GCC_WARN_64_TO_32_BIT_CONVERSION = YES;
				GCC_WARN_ABOUT_RETURN_TYPE = YES_ERROR;
				GCC_WARN_UNDECLARED_SELECTOR = YES;
				GCC_WARN_UNINITIALIZED_AUTOS = YES_AGGRESSIVE;
				GCC_WARN_UNUSED_FUNCTION = YES;
				GCC_WARN_UNUSED_VARIABLE = YES;
				IPHONEOS_DEPLOYMENT_TARGET = 16.4;
				MTL_ENABLE_DEBUG_INFO = NO;
				MTL_FAST_MATH = YES;
				SDKROOT = iphoneos;
				SWIFT_COMPILATION_MODE = wholemodule;
				SWIFT_OPTIMIZATION_LEVEL = "-O";
				VALIDATE_PRODUCT = YES;
			};
			name = Release;
		};
		BD7A271E2A65F609001E46A5 /* Debug */ = {
			isa = XCBuildConfiguration;
			buildSettings = {
				ASSETCATALOG_COMPILER_APPICON_NAME = AppIcon;
				ASSETCATALOG_COMPILER_GLOBAL_ACCENT_COLOR_NAME = AccentColor;
				CODE_SIGN_STYLE = Automatic;
				CURRENT_PROJECT_VERSION = 1;
				DEVELOPMENT_ASSET_PATHS = "\"PONDering/Preview Content\"";
				ENABLE_PREVIEWS = YES;
				GENERATE_INFOPLIST_FILE = YES;
				INFOPLIST_KEY_UIApplicationSceneManifest_Generation = YES;
				INFOPLIST_KEY_UIApplicationSupportsIndirectInputEvents = YES;
				INFOPLIST_KEY_UILaunchScreen_Generation = YES;
				INFOPLIST_KEY_UISupportedInterfaceOrientations_iPad = "UIInterfaceOrientationPortrait UIInterfaceOrientationPortraitUpsideDown UIInterfaceOrientationLandscapeLeft UIInterfaceOrientationLandscapeRight";
				INFOPLIST_KEY_UISupportedInterfaceOrientations_iPhone = "UIInterfaceOrientationPortrait UIInterfaceOrientationLandscapeLeft UIInterfaceOrientationLandscapeRight";
				LD_RUNPATH_SEARCH_PATHS = (
					"$(inherited)",
					"@executable_path/Frameworks",
				);
				MARKETING_VERSION = 1.0;
				PRODUCT_BUNDLE_IDENTIFIER = kwk.PONDering;
				PRODUCT_NAME = "$(TARGET_NAME)";
				SWIFT_EMIT_LOC_STRINGS = YES;
				SWIFT_VERSION = 5.0;
				TARGETED_DEVICE_FAMILY = "1,2";
			};
			name = Debug;
		};
		BD7A271F2A65F609001E46A5 /* Release */ = {
			isa = XCBuildConfiguration;
			buildSettings = {
				ASSETCATALOG_COMPILER_APPICON_NAME = AppIcon;
				ASSETCATALOG_COMPILER_GLOBAL_ACCENT_COLOR_NAME = AccentColor;
				CODE_SIGN_STYLE = Automatic;
				CURRENT_PROJECT_VERSION = 1;
				DEVELOPMENT_ASSET_PATHS = "\"PONDering/Preview Content\"";
				ENABLE_PREVIEWS = YES;
				GENERATE_INFOPLIST_FILE = YES;
				INFOPLIST_KEY_UIApplicationSceneManifest_Generation = YES;
				INFOPLIST_KEY_UIApplicationSupportsIndirectInputEvents = YES;
				INFOPLIST_KEY_UILaunchScreen_Generation = YES;
				INFOPLIST_KEY_UISupportedInterfaceOrientations_iPad = "UIInterfaceOrientationPortrait UIInterfaceOrientationPortraitUpsideDown UIInterfaceOrientationLandscapeLeft UIInterfaceOrientationLandscapeRight";
				INFOPLIST_KEY_UISupportedInterfaceOrientations_iPhone = "UIInterfaceOrientationPortrait UIInterfaceOrientationLandscapeLeft UIInterfaceOrientationLandscapeRight";
				LD_RUNPATH_SEARCH_PATHS = (
					"$(inherited)",
					"@executable_path/Frameworks",
				);
				MARKETING_VERSION = 1.0;
				PRODUCT_BUNDLE_IDENTIFIER = kwk.PONDering;
				PRODUCT_NAME = "$(TARGET_NAME)";
				SWIFT_EMIT_LOC_STRINGS = YES;
				SWIFT_VERSION = 5.0;
				TARGETED_DEVICE_FAMILY = "1,2";
			};
			name = Release;
		};
/* End XCBuildConfiguration section */

/* Begin XCConfigurationList section */
		BD7A270A2A65F608001E46A5 /* Build configuration list for PBXProject "PONDering" */ = {
			isa = XCConfigurationList;
			buildConfigurations = (
				BD7A271B2A65F609001E46A5 /* Debug */,
				BD7A271C2A65F609001E46A5 /* Release */,
			);
			defaultConfigurationIsVisible = 0;
			defaultConfigurationName = Release;
		};
		BD7A271D2A65F609001E46A5 /* Build configuration list for PBXNativeTarget "PONDering" */ = {
			isa = XCConfigurationList;
			buildConfigurations = (
				BD7A271E2A65F609001E46A5 /* Debug */,
				BD7A271F2A65F609001E46A5 /* Release */,
			);
			defaultConfigurationIsVisible = 0;
			defaultConfigurationName = Release;
		};
/* End XCConfigurationList section */
	};
	rootObject = BD7A27072A65F608001E46A5 /* Project object */;
}
